// !$*UTF8*$!
{
	archiveVersion = 1;
	classes = {
	};
	objectVersion = 50;
	objects = {

/* Begin PBXBuildFile section */
		8AB4895F22CF39C800FA68F9 /* AppDelegate.swift in Sources */ = {isa = PBXBuildFile; fileRef = 8AB4895E22CF39C800FA68F9 /* AppDelegate.swift */; };
		8AB4896122CF39C800FA68F9 /* ViewController.swift in Sources */ = {isa = PBXBuildFile; fileRef = 8AB4896022CF39C800FA68F9 /* ViewController.swift */; };
		8AB4896422CF39C800FA68F9 /* Main.storyboard in Resources */ = {isa = PBXBuildFile; fileRef = 8AB4896222CF39C800FA68F9 /* Main.storyboard */; };
		8AB4896622CF39CC00FA68F9 /* Assets.xcassets in Resources */ = {isa = PBXBuildFile; fileRef = 8AB4896522CF39CC00FA68F9 /* Assets.xcassets */; };
		8AB4896922CF39CC00FA68F9 /* LaunchScreen.storyboard in Resources */ = {isa = PBXBuildFile; fileRef = 8AB4896722CF39CC00FA68F9 /* LaunchScreen.storyboard */; };
		8AB4897422CF3A1E00FA68F9 /* RailwayAPI.swift in Sources */ = {isa = PBXBuildFile; fileRef = 8AB4897322CF3A1E00FA68F9 /* RailwayAPI.swift */; };
		8AB4897822CF63B000FA68F9 /* CustomAnnotation.swift in Sources */ = {isa = PBXBuildFile; fileRef = 8AB4897722CF63B000FA68F9 /* CustomAnnotation.swift */; };
/* End PBXBuildFile section */

/* Begin PBXFileReference section */
		8AB4895B22CF39C800FA68F9 /* Railway Stations.app */ = {isa = PBXFileReference; explicitFileType = wrapper.application; includeInIndex = 0; path = "Railway Stations.app"; sourceTree = BUILT_PRODUCTS_DIR; };
		8AB4895E22CF39C800FA68F9 /* AppDelegate.swift */ = {isa = PBXFileReference; lastKnownFileType = sourcecode.swift; path = AppDelegate.swift; sourceTree = "<group>"; };
		8AB4896022CF39C800FA68F9 /* ViewController.swift */ = {isa = PBXFileReference; lastKnownFileType = sourcecode.swift; path = ViewController.swift; sourceTree = "<group>"; };
		8AB4896322CF39C800FA68F9 /* Base */ = {isa = PBXFileReference; lastKnownFileType = file.storyboard; name = Base; path = Base.lproj/Main.storyboard; sourceTree = "<group>"; };
		8AB4896522CF39CC00FA68F9 /* Assets.xcassets */ = {isa = PBXFileReference; lastKnownFileType = folder.assetcatalog; path = Assets.xcassets; sourceTree = "<group>"; };
		8AB4896822CF39CC00FA68F9 /* Base */ = {isa = PBXFileReference; lastKnownFileType = file.storyboard; name = Base; path = Base.lproj/LaunchScreen.storyboard; sourceTree = "<group>"; };
		8AB4896A22CF39CC00FA68F9 /* Info.plist */ = {isa = PBXFileReference; lastKnownFileType = text.plist.xml; path = Info.plist; sourceTree = "<group>"; };
		8AB4897322CF3A1E00FA68F9 /* RailwayAPI.swift */ = {isa = PBXFileReference; lastKnownFileType = sourcecode.swift; path = RailwayAPI.swift; sourceTree = "<group>"; };
		8AB4897722CF63B000FA68F9 /* CustomAnnotation.swift */ = {isa = PBXFileReference; lastKnownFileType = sourcecode.swift; path = CustomAnnotation.swift; sourceTree = "<group>"; };
/* End PBXFileReference section */

/* Begin PBXFrameworksBuildPhase section */
		8AB4895822CF39C800FA68F9 /* Frameworks */ = {
			isa = PBXFrameworksBuildPhase;
			buildActionMask = 2147483647;
			files = (
			);
			runOnlyForDeploymentPostprocessing = 0;
		};
/* End PBXFrameworksBuildPhase section */

/* Begin PBXGroup section */
		8AB4895222CF39C800FA68F9 = {
			isa = PBXGroup;
			children = (
				8AB4895D22CF39C800FA68F9 /* Railway Stations */,
				8AB4895C22CF39C800FA68F9 /* Products */,
			);
			sourceTree = "<group>";
		};
		8AB4895C22CF39C800FA68F9 /* Products */ = {
			isa = PBXGroup;
			children = (
				8AB4895B22CF39C800FA68F9 /* Railway Stations.app */,
			);
			name = Products;
			sourceTree = "<group>";
		};
		8AB4895D22CF39C800FA68F9 /* Railway Stations */ = {
			isa = PBXGroup;
			children = (
				8AB4897222CF3A0100FA68F9 /* Networking */,
				8AB4897022CF39EB00FA68F9 /* ViewControllers */,
				8AB4897122CF39F800FA68F9 /* View */,
				8AB4896522CF39CC00FA68F9 /* Assets.xcassets */,
				8AB4895E22CF39C800FA68F9 /* AppDelegate.swift */,
				8AB4896722CF39CC00FA68F9 /* LaunchScreen.storyboard */,
				8AB4896A22CF39CC00FA68F9 /* Info.plist */,
				8AB4897722CF63B000FA68F9 /* CustomAnnotation.swift */,
			);
			path = "Railway Stations";
			sourceTree = "<group>";
		};
		8AB4897022CF39EB00FA68F9 /* ViewControllers */ = {
			isa = PBXGroup;
			children = (
				8AB4896022CF39C800FA68F9 /* ViewController.swift */,
			);
			path = ViewControllers;
			sourceTree = "<group>";
		};
		8AB4897122CF39F800FA68F9 /* View */ = {
			isa = PBXGroup;
			children = (
				8AB4896222CF39C800FA68F9 /* Main.storyboard */,
			);
			path = View;
			sourceTree = "<group>";
		};
		8AB4897222CF3A0100FA68F9 /* Networking */ = {
			isa = PBXGroup;
			children = (
				8AB4897322CF3A1E00FA68F9 /* RailwayAPI.swift */,
			);
			path = Networking;
			sourceTree = "<group>";
		};
/* End PBXGroup section */

/* Begin PBXNativeTarget section */
		8AB4895A22CF39C800FA68F9 /* Railway Stations */ = {
			isa = PBXNativeTarget;
			buildConfigurationList = 8AB4896D22CF39CC00FA68F9 /* Build configuration list for PBXNativeTarget "Railway Stations" */;
			buildPhases = (
				8AB4895722CF39C800FA68F9 /* Sources */,
				8AB4895822CF39C800FA68F9 /* Frameworks */,
				8AB4895922CF39C800FA68F9 /* Resources */,
			);
			buildRules = (
			);
			dependencies = (
			);
			name = "Railway Stations";
			productName = "Railway Stations";
			productReference = 8AB4895B22CF39C800FA68F9 /* Railway Stations.app */;
			productType = "com.apple.product-type.application";
		};
/* End PBXNativeTarget section */

/* Begin PBXProject section */
		8AB4895322CF39C800FA68F9 /* Project object */ = {
			isa = PBXProject;
			attributes = {
				LastSwiftUpdateCheck = 1020;
				LastUpgradeCheck = 1020;
				ORGANIZATIONNAME = "Karim Cordilia";
				TargetAttributes = {
					8AB4895A22CF39C800FA68F9 = {
						CreatedOnToolsVersion = 10.2.1;
					};
				};
			};
			buildConfigurationList = 8AB4895622CF39C800FA68F9 /* Build configuration list for PBXProject "Railway Stations" */;
			compatibilityVersion = "Xcode 9.3";
			developmentRegion = en;
			hasScannedForEncodings = 0;
			knownRegions = (
				en,
				Base,
			);
			mainGroup = 8AB4895222CF39C800FA68F9;
			productRefGroup = 8AB4895C22CF39C800FA68F9 /* Products */;
			projectDirPath = "";
			projectRoot = "";
			targets = (
				8AB4895A22CF39C800FA68F9 /* Railway Stations */,
			);
		};
/* End PBXProject section */

/* Begin PBXResourcesBuildPhase section */
		8AB4895922CF39C800FA68F9 /* Resources */ = {
			isa = PBXResourcesBuildPhase;
			buildActionMask = 2147483647;
			files = (
				8AB4896922CF39CC00FA68F9 /* LaunchScreen.storyboard in Resources */,
				8AB4896622CF39CC00FA68F9 /* Assets.xcassets in Resources */,
				8AB4896422CF39C800FA68F9 /* Main.storyboard in Resources */,
			);
			runOnlyForDeploymentPostprocessing = 0;
		};
/* End PBXResourcesBuildPhase section */

/* Begin PBXSourcesBuildPhase section */
		8AB4895722CF39C800FA68F9 /* Sources */ = {
			isa = PBXSourcesBuildPhase;
			buildActionMask = 2147483647;
			files = (
				8AB4896122CF39C800FA68F9 /* ViewController.swift in Sources */,
				8AB4895F22CF39C800FA68F9 /* AppDelegate.swift in Sources */,
				8AB4897422CF3A1E00FA68F9 /* RailwayAPI.swift in Sources */,
				8AB4897822CF63B000FA68F9 /* CustomAnnotation.swift in Sources */,
			);
			runOnlyForDeploymentPostprocessing = 0;
		};
/* End PBXSourcesBuildPhase section */

/* Begin PBXVariantGroup section */
		8AB4896222CF39C800FA68F9 /* Main.storyboard */ = {
			isa = PBXVariantGroup;
			children = (
				8AB4896322CF39C800FA68F9 /* Base */,
			);
			name = Main.storyboard;
			sourceTree = "<group>";
		};
		8AB4896722CF39CC00FA68F9 /* LaunchScreen.storyboard */ = {
			isa = PBXVariantGroup;
			children = (
				8AB4896822CF39CC00FA68F9 /* Base */,
			);
			name = LaunchScreen.storyboard;
			sourceTree = "<group>";
		};
/* End PBXVariantGroup section */

/* Begin XCBuildConfiguration section */
		8AB4896B22CF39CC00FA68F9 /* Debug */ = {
			isa = XCBuildConfiguration;
			buildSettings = {
				ALWAYS_SEARCH_USER_PATHS = NO;
				CLANG_ANALYZER_NONNULL = YES;
				CLANG_ANALYZER_NUMBER_OBJECT_CONVERSION = YES_AGGRESSIVE;
				CLANG_CXX_LANGUAGE_STANDARD = "gnu++14";
				CLANG_CXX_LIBRARY = "libc++";
				CLANG_ENABLE_MODULES = YES;
				CLANG_ENABLE_OBJC_ARC = YES;
				CLANG_ENABLE_OBJC_WEAK = YES;
				CLANG_WARN_BLOCK_CAPTURE_AUTORELEASING = YES;
				CLANG_WARN_BOOL_CONVERSION = YES;
				CLANG_WARN_COMMA = YES;
				CLANG_WARN_CONSTANT_CONVERSION = YES;
				CLANG_WARN_DEPRECATED_OBJC_IMPLEMENTATIONS = YES;
				CLANG_WARN_DIRECT_OBJC_ISA_USAGE = YES_ERROR;
				CLANG_WARN_DOCUMENTATION_COMMENTS = YES;
				CLANG_WARN_EMPTY_BODY = YES;
				CLANG_WARN_ENUM_CONVERSION = YES;
				CLANG_WARN_INFINITE_RECURSION = YES;
				CLANG_WARN_INT_CONVERSION = YES;
				CLANG_WARN_NON_LITERAL_NULL_CONVERSION = YES;
				CLANG_WARN_OBJC_IMPLICIT_RETAIN_SELF = YES;
				CLANG_WARN_OBJC_LITERAL_CONVERSION = YES;
				CLANG_WARN_OBJC_ROOT_CLASS = YES_ERROR;
				CLANG_WARN_RANGE_LOOP_ANALYSIS = YES;
				CLANG_WARN_STRICT_PROTOTYPES = YES;
				CLANG_WARN_SUSPICIOUS_MOVE = YES;
				CLANG_WARN_UNGUARDED_AVAILABILITY = YES_AGGRESSIVE;
				CLANG_WARN_UNREACHABLE_CODE = YES;
				CLANG_WARN__DUPLICATE_METHOD_MATCH = YES;
				CODE_SIGN_IDENTITY = "iPhone Developer";
				COPY_PHASE_STRIP = NO;
				DEBUG_INFORMATION_FORMAT = dwarf;
				ENABLE_STRICT_OBJC_MSGSEND = YES;
				ENABLE_TESTABILITY = YES;
				GCC_C_LANGUAGE_STANDARD = gnu11;
				GCC_DYNAMIC_NO_PIC = NO;
				GCC_NO_COMMON_BLOCKS = YES;
				GCC_OPTIMIZATION_LEVEL = 0;
				GCC_PREPROCESSOR_DEFINITIONS = (
					"DEBUG=1",
					"$(inherited)",
				);
				GCC_WARN_64_TO_32_BIT_CONVERSION = YES;
				GCC_WARN_ABOUT_RETURN_TYPE = YES_ERROR;
				GCC_WARN_UNDECLARED_SELECTOR = YES;
				GCC_WARN_UNINITIALIZED_AUTOS = YES_AGGRESSIVE;
				GCC_WARN_UNUSED_FUNCTION = YES;
				GCC_WARN_UNUSED_VARIABLE = YES;
				IPHONEOS_DEPLOYMENT_TARGET = 12.2;
				MTL_ENABLE_DEBUG_INFO = INCLUDE_SOURCE;
				MTL_FAST_MATH = YES;
				ONLY_ACTIVE_ARCH = YES;
				SDKROOT = iphoneos;
				SWIFT_ACTIVE_COMPILATION_CONDITIONS = DEBUG;
				SWIFT_OPTIMIZATION_LEVEL = "-Onone";
			};
			name = Debug;
		};
		8AB4896C22CF39CC00FA68F9 /* Release */ = {
			isa = XCBuildConfiguration;
			buildSettings = {
				ALWAYS_SEARCH_USER_PATHS = NO;
				CLANG_ANALYZER_NONNULL = YES;
				CLANG_ANALYZER_NUMBER_OBJECT_CONVERSION = YES_AGGRESSIVE;
				CLANG_CXX_LANGUAGE_STANDARD = "gnu++14";
				CLANG_CXX_LIBRARY = "libc++";
				CLANG_ENABLE_MODULES = YES;
				CLANG_ENABLE_OBJC_ARC = YES;
				CLANG_ENABLE_OBJC_WEAK = YES;
				CLANG_WARN_BLOCK_CAPTURE_AUTORELEASING = YES;
				CLANG_WARN_BOOL_CONVERSION = YES;
				CLANG_WARN_COMMA = YES;
				CLANG_WARN_CONSTANT_CONVERSION = YES;
				CLANG_WARN_DEPRECATED_OBJC_IMPLEMENTATIONS = YES;
				CLANG_WARN_DIRECT_OBJC_ISA_USAGE = YES_ERROR;
				CLANG_WARN_DOCUMENTATION_COMMENTS = YES;
				CLANG_WARN_EMPTY_BODY = YES;
				CLANG_WARN_ENUM_CONVERSION = YES;
				CLANG_WARN_INFINITE_RECURSION = YES;
				CLANG_WARN_INT_CONVERSION = YES;
				CLANG_WARN_NON_LITERAL_NULL_CONVERSION = YES;
				CLANG_WARN_OBJC_IMPLICIT_RETAIN_SELF = YES;
				CLANG_WARN_OBJC_LITERAL_CONVERSION = YES;
				CLANG_WARN_OBJC_ROOT_CLASS = YES_ERROR;
				CLANG_WARN_RANGE_LOOP_ANALYSIS = YES;
				CLANG_WARN_STRICT_PROTOTYPES = YES;
				CLANG_WARN_SUSPICIOUS_MOVE = YES;
				CLANG_WARN_UNGUARDED_AVAILABILITY = YES_AGGRESSIVE;
				CLANG_WARN_UNREACHABLE_CODE = YES;
				CLANG_WARN__DUPLICATE_METHOD_MATCH = YES;
				CODE_SIGN_IDENTITY = "iPhone Developer";
				COPY_PHASE_STRIP = NO;
				DEBUG_INFORMATION_FORMAT = "dwarf-with-dsym";
				ENABLE_NS_ASSERTIONS = NO;
				ENABLE_STRICT_OBJC_MSGSEND = YES;
				GCC_C_LANGUAGE_STANDARD = gnu11;
				GCC_NO_COMMON_BLOCKS = YES;
				GCC_WARN_64_TO_32_BIT_CONVERSION = YES;
				GCC_WARN_ABOUT_RETURN_TYPE = YES_ERROR;
				GCC_WARN_UNDECLARED_SELECTOR = YES;
				GCC_WARN_UNINITIALIZED_AUTOS = YES_AGGRESSIVE;
				GCC_WARN_UNUSED_FUNCTION = YES;
				GCC_WARN_UNUSED_VARIABLE = YES;
				IPHONEOS_DEPLOYMENT_TARGET = 12.2;
				MTL_ENABLE_DEBUG_INFO = NO;
				MTL_FAST_MATH = YES;
				SDKROOT = iphoneos;
				SWIFT_COMPILATION_MODE = wholemodule;
				SWIFT_OPTIMIZATION_LEVEL = "-O";
				VALIDATE_PRODUCT = YES;
			};
			name = Release;
		};
		8AB4896E22CF39CC00FA68F9 /* Debug */ = {
			isa = XCBuildConfiguration;
			buildSettings = {
				ASSETCATALOG_COMPILER_APPICON_NAME = AppIcon;
				CODE_SIGN_STYLE = Automatic;
				DEVELOPMENT_TEAM = D99Z26P27B;
				INFOPLIST_FILE = "Railway Stations/Info.plist";
				LD_RUNPATH_SEARCH_PATHS = (
					"$(inherited)",
					"@executable_path/Frameworks",
				);
				PRODUCT_BUNDLE_IDENTIFIER = "com.karimcordilia.Railway-Stations";
				PRODUCT_NAME = "$(TARGET_NAME)";
				SWIFT_VERSION = 5.0;
				TARGETED_DEVICE_FAMILY = "1,2";
			};
			name = Debug;
		};
		8AB4896F22CF39CC00FA68F9 /* Release */ = {
			isa = XCBuildConfiguration;
			buildSettings = {
				ASSETCATALOG_COMPILER_APPICON_NAME = AppIcon;
				CODE_SIGN_STYLE = Automatic;
				DEVELOPMENT_TEAM = D99Z26P27B;
				INFOPLIST_FILE = "Railway Stations/Info.plist";
				LD_RUNPATH_SEARCH_PATHS = (
					"$(inherited)",
					"@executable_path/Frameworks",
				);
				PRODUCT_BUNDLE_IDENTIFIER = "com.karimcordilia.Railway-Stations";
				PRODUCT_NAME = "$(TARGET_NAME)";
				SWIFT_VERSION = 5.0;
				TARGETED_DEVICE_FAMILY = "1,2";
			};
			name = Release;
		};
/* End XCBuildConfiguration section */

/* Begin XCConfigurationList section */
		8AB4895622CF39C800FA68F9 /* Build configuration list for PBXProject "Railway Stations" */ = {
			isa = XCConfigurationList;
			buildConfigurations = (
				8AB4896B22CF39CC00FA68F9 /* Debug */,
				8AB4896C22CF39CC00FA68F9 /* Release */,
			);
			defaultConfigurationIsVisible = 0;
			defaultConfigurationName = Release;
		};
		8AB4896D22CF39CC00FA68F9 /* Build configuration list for PBXNativeTarget "Railway Stations" */ = {
			isa = XCConfigurationList;
			buildConfigurations = (
				8AB4896E22CF39CC00FA68F9 /* Debug */,
				8AB4896F22CF39CC00FA68F9 /* Release */,
			);
			defaultConfigurationIsVisible = 0;
			defaultConfigurationName = Release;
		};
/* End XCConfigurationList section */
	};
	rootObject = 8AB4895322CF39C800FA68F9 /* Project object */;
}
